PODS:
  - agora_rtc_engine (6.2.2):
    - AgoraIrisRTC_iOS (= 4.2.2-build.1)
    - AgoraRtcEngine_iOS (= 4.2.2)
    - Flutter
  - agora_wrapper (0.0.1):
    - AgoraRtcEngine_iOS
    - AgoraRtm_iOS (= 1.5.1)
    - Flutter
    - FURenderKit (= 8.8.1)
  - AgoraIrisRTC_iOS (4.2.2-build.1)
  - AgoraRtcEngine_iOS (4.2.2):
    - AgoraRtcEngine_iOS/AIAEC (= 4.2.2)
    - AgoraRtcEngine_iOS/AINS (= 4.2.2)
    - AgoraRtcEngine_iOS/AudioBeauty (= 4.2.2)
    - AgoraRtcEngine_iOS/ClearVision (= 4.2.2)
    - AgoraRtcEngine_iOS/ContentInspect (= 4.2.2)
    - AgoraRtcEngine_iOS/DRM (= 4.2.2)
    - AgoraRtcEngine_iOS/FaceDetection (= 4.2.2)
    - AgoraRtcEngine_iOS/ReplayKit (= 4.2.2)
    - AgoraRtcEngine_iOS/RtcBasic (= 4.2.2)
    - AgoraRtcEngine_iOS/SpatialAudio (= 4.2.2)
    - AgoraRtcEngine_iOS/VideoCodecDec (= 4.2.2)
    - AgoraRtcEngine_iOS/VideoCodecEnc (= 4.2.2)
    - AgoraRtcEngine_iOS/VirtualBackground (= 4.2.2)
    - AgoraRtcEngine_iOS/VQA (= 4.2.2)
  - AgoraRtcEngine_iOS/AIAEC (4.2.2)
  - AgoraRtcEngine_iOS/AINS (4.2.2)
  - AgoraRtcEngine_iOS/AudioBeauty (4.2.2)
  - AgoraRtcEngine_iOS/ClearVision (4.2.2)
  - AgoraRtcEngine_iOS/ContentInspect (4.2.2)
  - AgoraRtcEngine_iOS/DRM (4.2.2)
  - AgoraRtcEngine_iOS/FaceDetection (4.2.2)
  - AgoraRtcEngine_iOS/ReplayKit (4.2.2)
  - AgoraRtcEngine_iOS/RtcBasic (4.2.2)
  - AgoraRtcEngine_iOS/SpatialAudio (4.2.2)
  - AgoraRtcEngine_iOS/VideoCodecDec (4.2.2)
  - AgoraRtcEngine_iOS/VideoCodecEnc (4.2.2)
  - AgoraRtcEngine_iOS/VirtualBackground (4.2.2)
  - AgoraRtcEngine_iOS/VQA (4.2.2)
  - AgoraRtm_iOS (1.5.1)
  - Flutter (1.0.0)
  - fluttertoast (0.0.2):
    - Flutter
    - Toast
  - FURenderKit (8.8.1)
  - integration_test (0.0.1):
    - Flutter
  - iris_method_channel (0.0.1):
    - Flutter
  - "permission_handler (5.1.0+2)":
    - Flutter
  - Toast (4.1.1)

DEPENDENCIES:
  - agora_rtc_engine (from `.symlinks/plugins/agora_rtc_engine/ios`)
  - agora_wrapper (from `.symlinks/plugins/agora_wrapper/ios`)
  - Flutter (from `Flutter`)
  - fluttertoast (from `.symlinks/plugins/fluttertoast/ios`)
  - integration_test (from `.symlinks/plugins/integration_test/ios`)
  - iris_method_channel (from `.symlinks/plugins/iris_method_channel/ios`)
  - permission_handler (from `.symlinks/plugins/permission_handler/ios`)

SPEC REPOS:
  trunk:
    - AgoraIrisRTC_iOS
    - AgoraRtcEngine_iOS
    - AgoraRtm_iOS
    - FURenderKit
    - Toast

EXTERNAL SOURCES:
  agora_rtc_engine:
    :path: ".symlinks/plugins/agora_rtc_engine/ios"
  agora_wrapper:
    :path: ".symlinks/plugins/agora_wrapper/ios"
  Flutter:
    :path: Flutter
  fluttertoast:
    :path: ".symlinks/plugins/fluttertoast/ios"
  integration_test:
    :path: ".symlinks/plugins/integration_test/ios"
  iris_method_channel:
    :path: ".symlinks/plugins/iris_method_channel/ios"
  permission_handler:
    :path: ".symlinks/plugins/permission_handler/ios"

SPEC CHECKSUMS:
  agora_rtc_engine: 667a7de14f35858a31b0c64cd54042a2158ef198
  agora_wrapper: 9ea8c17688b2491d3ce0d7d40f57993ac3d8602b
  AgoraIrisRTC_iOS: 7e71322c06db6c29ceaf89a964fb8b2700a75001
  AgoraRtcEngine_iOS: c510de329cd905daff3f01fa4c872ea6d5eaee23
  AgoraRtm_iOS: 595a9fa33a409831e6183396ea8f8bc563918403
  Flutter: e0871f40cf51350855a761d2e70bf5af5b9b5de7
  fluttertoast: d410097af3a920745c7bb589f26967c6d35f92c0
  FURenderKit: 38c0b1b33f4c6586b7b68eadf30b01d54bc1f4e4
  integration_test: 13825b8a9334a850581300559b8839134b124670
  iris_method_channel: 0617c689164d8154c020c50f63ca79f92b8a7b9d
  permission_handler: ccb20a9fad0ee9b1314a52b70b76b473c5f8dab0
  Toast: 1f5ea13423a1e6674c4abdac5be53587ae481c4e

PODFILE CHECKSUM: afeb9100c2cac2aba5b5b34d015b6a53d292c89e

COCOAPODS: 1.15.2
